// !$*UTF8*$!
{
	archiveVersion = 1;
	classes = {
	};
	objectVersion = 56;
	objects = {

/* Begin PBXBuildFile section */
		730F7D072AED3C070033ACD6 /* SuggestMemoTextViewModifier.swift in Sources */ = {isa = PBXBuildFile; fileRef = 730F7D062AED3C070033ACD6 /* SuggestMemoTextViewModifier.swift */; };
		737946492AC80AD100E14A57 /* ComposableArchitecture in Frameworks */ = {isa = PBXBuildFile; productRef = 737946482AC80AD100E14A57 /* ComposableArchitecture */; };
		737946522AC80D4200E14A57 /* Top.swift in Sources */ = {isa = PBXBuildFile; fileRef = 737946512AC80D4200E14A57 /* Top.swift */; };
		737946542AD4242800E14A57 /* FridgeModalView.swift in Sources */ = {isa = PBXBuildFile; fileRef = 737946532AD4242800E14A57 /* FridgeModalView.swift */; };
		737946572AD424AD00E14A57 /* Fridge.swift in Sources */ = {isa = PBXBuildFile; fileRef = 737946562AD424AD00E14A57 /* Fridge.swift */; };
		737946592AECFD7B00E14A57 /* Colors.xcassets in Resources */ = {isa = PBXBuildFile; fileRef = 737946582AECFD7B00E14A57 /* Colors.xcassets */; };
		7379465C2AECFE4000E14A57 /* Color+.swift in Sources */ = {isa = PBXBuildFile; fileRef = 7379465B2AECFE4000E14A57 /* Color+.swift */; };
		73BE92ED2AC7F7CF00414DA0 /* FridgeApp.swift in Sources */ = {isa = PBXBuildFile; fileRef = 73BE92EC2AC7F7CF00414DA0 /* FridgeApp.swift */; };
		73BE92EF2AC7F7CF00414DA0 /* TopView.swift in Sources */ = {isa = PBXBuildFile; fileRef = 73BE92EE2AC7F7CF00414DA0 /* TopView.swift */; };
		73BE92F12AC7F7D000414DA0 /* Assets.xcassets in Resources */ = {isa = PBXBuildFile; fileRef = 73BE92F02AC7F7D000414DA0 /* Assets.xcassets */; };
		73BE92F42AC7F7D000414DA0 /* Preview Assets.xcassets in Resources */ = {isa = PBXBuildFile; fileRef = 73BE92F32AC7F7D000414DA0 /* Preview Assets.xcassets */; };
/* End PBXBuildFile section */

/* Begin PBXFileReference section */
		730F7D062AED3C070033ACD6 /* SuggestMemoTextViewModifier.swift */ = {isa = PBXFileReference; lastKnownFileType = sourcecode.swift; path = SuggestMemoTextViewModifier.swift; sourceTree = "<group>"; };
		737946512AC80D4200E14A57 /* Top.swift */ = {isa = PBXFileReference; lastKnownFileType = sourcecode.swift; path = Top.swift; sourceTree = "<group>"; };
		737946532AD4242800E14A57 /* FridgeModalView.swift */ = {isa = PBXFileReference; lastKnownFileType = sourcecode.swift; path = FridgeModalView.swift; sourceTree = "<group>"; };
		737946562AD424AD00E14A57 /* Fridge.swift */ = {isa = PBXFileReference; lastKnownFileType = sourcecode.swift; path = Fridge.swift; sourceTree = "<group>"; };
		737946582AECFD7B00E14A57 /* Colors.xcassets */ = {isa = PBXFileReference; lastKnownFileType = folder.assetcatalog; path = Colors.xcassets; sourceTree = "<group>"; };
		7379465B2AECFE4000E14A57 /* Color+.swift */ = {isa = PBXFileReference; lastKnownFileType = sourcecode.swift; path = "Color+.swift"; sourceTree = "<group>"; };
		73BE92E92AC7F7CF00414DA0 /* Fridge.app */ = {isa = PBXFileReference; explicitFileType = wrapper.application; includeInIndex = 0; path = Fridge.app; sourceTree = BUILT_PRODUCTS_DIR; };
		73BE92EC2AC7F7CF00414DA0 /* FridgeApp.swift */ = {isa = PBXFileReference; lastKnownFileType = sourcecode.swift; path = FridgeApp.swift; sourceTree = "<group>"; };
		73BE92EE2AC7F7CF00414DA0 /* TopView.swift */ = {isa = PBXFileReference; lastKnownFileType = sourcecode.swift; path = TopView.swift; sourceTree = "<group>"; };
		73BE92F02AC7F7D000414DA0 /* Assets.xcassets */ = {isa = PBXFileReference; lastKnownFileType = folder.assetcatalog; path = Assets.xcassets; sourceTree = "<group>"; };
		73BE92F32AC7F7D000414DA0 /* Preview Assets.xcassets */ = {isa = PBXFileReference; lastKnownFileType = folder.assetcatalog; path = "Preview Assets.xcassets"; sourceTree = "<group>"; };
/* End PBXFileReference section */

/* Begin PBXFrameworksBuildPhase section */
		73BE92E62AC7F7CF00414DA0 /* Frameworks */ = {
			isa = PBXFrameworksBuildPhase;
			buildActionMask = 2147483647;
			files = (
				737946492AC80AD100E14A57 /* ComposableArchitecture in Frameworks */,
			);
			runOnlyForDeploymentPostprocessing = 0;
		};
/* End PBXFrameworksBuildPhase section */

/* Begin PBXGroup section */
		730F7D042AED3BDF0033ACD6 /* Common */ = {
			isa = PBXGroup;
			children = (
				730F7D052AED3BEB0033ACD6 /* ViewModifier */,
			);
			path = Common;
			sourceTree = "<group>";
		};
		730F7D052AED3BEB0033ACD6 /* ViewModifier */ = {
			isa = PBXGroup;
			children = (
				730F7D062AED3C070033ACD6 /* SuggestMemoTextViewModifier.swift */,
			);
			path = ViewModifier;
			sourceTree = "<group>";
		};
		7379464F2AC80D1E00E14A57 /* View */ = {
			isa = PBXGroup;
			children = (
				730F7D042AED3BDF0033ACD6 /* Common */,
				737946552AD4242C00E14A57 /* Top */,
			);
			path = View;
			sourceTree = "<group>";
		};
		737946502AC80D2900E14A57 /* Core */ = {
			isa = PBXGroup;
			children = (
				737946512AC80D4200E14A57 /* Top.swift */,
				737946562AD424AD00E14A57 /* Fridge.swift */,
			);
			name = Core;
			sourceTree = "<group>";
		};
		737946552AD4242C00E14A57 /* Top */ = {
			isa = PBXGroup;
			children = (
				73BE92EE2AC7F7CF00414DA0 /* TopView.swift */,
				737946532AD4242800E14A57 /* FridgeModalView.swift */,
			);
			path = Top;
			sourceTree = "<group>";
		};
		7379465A2AECFE2D00E14A57 /* Extensions */ = {
			isa = PBXGroup;
			children = (
				7379465B2AECFE4000E14A57 /* Color+.swift */,
			);
			path = Extensions;
			sourceTree = "<group>";
		};
		73BE92E02AC7F7CF00414DA0 = {
			isa = PBXGroup;
			children = (
				73BE92EB2AC7F7CF00414DA0 /* Fridge */,
				73BE92EA2AC7F7CF00414DA0 /* Products */,
			);
			sourceTree = "<group>";
		};
		73BE92EA2AC7F7CF00414DA0 /* Products */ = {
			isa = PBXGroup;
			children = (
				73BE92E92AC7F7CF00414DA0 /* Fridge.app */,
			);
			name = Products;
			sourceTree = "<group>";
		};
		73BE92EB2AC7F7CF00414DA0 /* Fridge */ = {
			isa = PBXGroup;
			children = (
				7379465A2AECFE2D00E14A57 /* Extensions */,
				73BE92EC2AC7F7CF00414DA0 /* FridgeApp.swift */,
				737946502AC80D2900E14A57 /* Core */,
				7379464F2AC80D1E00E14A57 /* View */,
				73BE92F02AC7F7D000414DA0 /* Assets.xcassets */,
				737946582AECFD7B00E14A57 /* Colors.xcassets */,
				73BE92F22AC7F7D000414DA0 /* Preview Content */,
			);
			path = Fridge;
			sourceTree = "<group>";
		};
		73BE92F22AC7F7D000414DA0 /* Preview Content */ = {
			isa = PBXGroup;
			children = (
				73BE92F32AC7F7D000414DA0 /* Preview Assets.xcassets */,
			);
			path = "Preview Content";
			sourceTree = "<group>";
		};
/* End PBXGroup section */

/* Begin PBXNativeTarget section */
		73BE92E82AC7F7CF00414DA0 /* Fridge */ = {
			isa = PBXNativeTarget;
			buildConfigurationList = 73BE92F72AC7F7D000414DA0 /* Build configuration list for PBXNativeTarget "Fridge" */;
			buildPhases = (
				73BE92E52AC7F7CF00414DA0 /* Sources */,
				73BE92E62AC7F7CF00414DA0 /* Frameworks */,
				73BE92E72AC7F7CF00414DA0 /* Resources */,
			);
			buildRules = (
			);
			dependencies = (
			);
			name = Fridge;
			packageProductDependencies = (
				737946482AC80AD100E14A57 /* ComposableArchitecture */,
			);
			productName = Fridge;
			productReference = 73BE92E92AC7F7CF00414DA0 /* Fridge.app */;
			productType = "com.apple.product-type.application";
		};
/* End PBXNativeTarget section */

/* Begin PBXProject section */
		73BE92E12AC7F7CF00414DA0 /* Project object */ = {
			isa = PBXProject;
			attributes = {
				BuildIndependentTargetsInParallel = 1;
				LastSwiftUpdateCheck = 1430;
				LastUpgradeCheck = 1430;
				TargetAttributes = {
					73BE92E82AC7F7CF00414DA0 = {
						CreatedOnToolsVersion = 14.3.1;
					};
				};
			};
			buildConfigurationList = 73BE92E42AC7F7CF00414DA0 /* Build configuration list for PBXProject "Fridge" */;
			compatibilityVersion = "Xcode 14.0";
			developmentRegion = en;
			hasScannedForEncodings = 0;
			knownRegions = (
				en,
				Base,
			);
			mainGroup = 73BE92E02AC7F7CF00414DA0;
			packageReferences = (
				737946472AC80AD100E14A57 /* XCRemoteSwiftPackageReference "swift-composable-architecture" */,
			);
			productRefGroup = 73BE92EA2AC7F7CF00414DA0 /* Products */;
			projectDirPath = "";
			projectRoot = "";
			targets = (
				73BE92E82AC7F7CF00414DA0 /* Fridge */,
			);
		};
/* End PBXProject section */

/* Begin PBXResourcesBuildPhase section */
		73BE92E72AC7F7CF00414DA0 /* Resources */ = {
			isa = PBXResourcesBuildPhase;
			buildActionMask = 2147483647;
			files = (
				737946592AECFD7B00E14A57 /* Colors.xcassets in Resources */,
				73BE92F42AC7F7D000414DA0 /* Preview Assets.xcassets in Resources */,
				73BE92F12AC7F7D000414DA0 /* Assets.xcassets in Resources */,
			);
			runOnlyForDeploymentPostprocessing = 0;
		};
/* End PBXResourcesBuildPhase section */

/* Begin PBXSourcesBuildPhase section */
		73BE92E52AC7F7CF00414DA0 /* Sources */ = {
			isa = PBXSourcesBuildPhase;
			buildActionMask = 2147483647;
			files = (
				73BE92EF2AC7F7CF00414DA0 /* TopView.swift in Sources */,
				7379465C2AECFE4000E14A57 /* Color+.swift in Sources */,
				73BE92ED2AC7F7CF00414DA0 /* FridgeApp.swift in Sources */,
				737946522AC80D4200E14A57 /* Top.swift in Sources */,
				737946572AD424AD00E14A57 /* Fridge.swift in Sources */,
				730F7D072AED3C070033ACD6 /* SuggestMemoTextViewModifier.swift in Sources */,
				737946542AD4242800E14A57 /* FridgeModalView.swift in Sources */,
			);
			runOnlyForDeploymentPostprocessing = 0;
		};
/* End PBXSourcesBuildPhase section */

/* Begin XCBuildConfiguration section */
		73BE92F52AC7F7D000414DA0 /* Debug */ = {
			isa = XCBuildConfiguration;
			buildSettings = {
				ALWAYS_SEARCH_USER_PATHS = NO;
				CLANG_ANALYZER_NONNULL = YES;
				CLANG_ANALYZER_NUMBER_OBJECT_CONVERSION = YES_AGGRESSIVE;
				CLANG_CXX_LANGUAGE_STANDARD = "gnu++20";
				CLANG_ENABLE_MODULES = YES;
				CLANG_ENABLE_OBJC_ARC = YES;
				CLANG_ENABLE_OBJC_WEAK = YES;
				CLANG_WARN_BLOCK_CAPTURE_AUTORELEASING = YES;
				CLANG_WARN_BOOL_CONVERSION = YES;
				CLANG_WARN_COMMA = YES;
				CLANG_WARN_CONSTANT_CONVERSION = YES;
				CLANG_WARN_DEPRECATED_OBJC_IMPLEMENTATIONS = YES;
				CLANG_WARN_DIRECT_OBJC_ISA_USAGE = YES_ERROR;
				CLANG_WARN_DOCUMENTATION_COMMENTS = YES;
				CLANG_WARN_EMPTY_BODY = YES;
				CLANG_WARN_ENUM_CONVERSION = YES;
				CLANG_WARN_INFINITE_RECURSION = YES;
				CLANG_WARN_INT_CONVERSION = YES;
				CLANG_WARN_NON_LITERAL_NULL_CONVERSION = YES;
				CLANG_WARN_OBJC_IMPLICIT_RETAIN_SELF = YES;
				CLANG_WARN_OBJC_LITERAL_CONVERSION = YES;
				CLANG_WARN_OBJC_ROOT_CLASS = YES_ERROR;
				CLANG_WARN_QUOTED_INCLUDE_IN_FRAMEWORK_HEADER = YES;
				CLANG_WARN_RANGE_LOOP_ANALYSIS = YES;
				CLANG_WARN_STRICT_PROTOTYPES = YES;
				CLANG_WARN_SUSPICIOUS_MOVE = YES;
				CLANG_WARN_UNGUARDED_AVAILABILITY = YES_AGGRESSIVE;
				CLANG_WARN_UNREACHABLE_CODE = YES;
				CLANG_WARN__DUPLICATE_METHOD_MATCH = YES;
				COPY_PHASE_STRIP = NO;
				DEBUG_INFORMATION_FORMAT = dwarf;
				ENABLE_STRICT_OBJC_MSGSEND = YES;
				ENABLE_TESTABILITY = YES;
				GCC_C_LANGUAGE_STANDARD = gnu11;
				GCC_DYNAMIC_NO_PIC = NO;
				GCC_NO_COMMON_BLOCKS = YES;
				GCC_OPTIMIZATION_LEVEL = 0;
				GCC_PREPROCESSOR_DEFINITIONS = (
					"DEBUG=1",
					"$(inherited)",
				);
				GCC_WARN_64_TO_32_BIT_CONVERSION = YES;
				GCC_WARN_ABOUT_RETURN_TYPE = YES_ERROR;
				GCC_WARN_UNDECLARED_SELECTOR = YES;
				GCC_WARN_UNINITIALIZED_AUTOS = YES_AGGRESSIVE;
				GCC_WARN_UNUSED_FUNCTION = YES;
				GCC_WARN_UNUSED_VARIABLE = YES;
				IPHONEOS_DEPLOYMENT_TARGET = 14.0;
				MTL_ENABLE_DEBUG_INFO = INCLUDE_SOURCE;
				MTL_FAST_MATH = YES;
				ONLY_ACTIVE_ARCH = YES;
				SDKROOT = iphoneos;
				SWIFT_ACTIVE_COMPILATION_CONDITIONS = DEBUG;
				SWIFT_OPTIMIZATION_LEVEL = "-Onone";
			};
			name = Debug;
		};
		73BE92F62AC7F7D000414DA0 /* Release */ = {
			isa = XCBuildConfiguration;
			buildSettings = {
				ALWAYS_SEARCH_USER_PATHS = NO;
				CLANG_ANALYZER_NONNULL = YES;
				CLANG_ANALYZER_NUMBER_OBJECT_CONVERSION = YES_AGGRESSIVE;
				CLANG_CXX_LANGUAGE_STANDARD = "gnu++20";
				CLANG_ENABLE_MODULES = YES;
				CLANG_ENABLE_OBJC_ARC = YES;
				CLANG_ENABLE_OBJC_WEAK = YES;
				CLANG_WARN_BLOCK_CAPTURE_AUTORELEASING = YES;
				CLANG_WARN_BOOL_CONVERSION = YES;
				CLANG_WARN_COMMA = YES;
				CLANG_WARN_CONSTANT_CONVERSION = YES;
				CLANG_WARN_DEPRECATED_OBJC_IMPLEMENTATIONS = YES;
				CLANG_WARN_DIRECT_OBJC_ISA_USAGE = YES_ERROR;
				CLANG_WARN_DOCUMENTATION_COMMENTS = YES;
				CLANG_WARN_EMPTY_BODY = YES;
				CLANG_WARN_ENUM_CONVERSION = YES;
				CLANG_WARN_INFINITE_RECURSION = YES;
				CLANG_WARN_INT_CONVERSION = YES;
				CLANG_WARN_NON_LITERAL_NULL_CONVERSION = YES;
				CLANG_WARN_OBJC_IMPLICIT_RETAIN_SELF = YES;
				CLANG_WARN_OBJC_LITERAL_CONVERSION = YES;
				CLANG_WARN_OBJC_ROOT_CLASS = YES_ERROR;
				CLANG_WARN_QUOTED_INCLUDE_IN_FRAMEWORK_HEADER = YES;
				CLANG_WARN_RANGE_LOOP_ANALYSIS = YES;
				CLANG_WARN_STRICT_PROTOTYPES = YES;
				CLANG_WARN_SUSPICIOUS_MOVE = YES;
				CLANG_WARN_UNGUARDED_AVAILABILITY = YES_AGGRESSIVE;
				CLANG_WARN_UNREACHABLE_CODE = YES;
				CLANG_WARN__DUPLICATE_METHOD_MATCH = YES;
				COPY_PHASE_STRIP = NO;
				DEBUG_INFORMATION_FORMAT = "dwarf-with-dsym";
				ENABLE_NS_ASSERTIONS = NO;
				ENABLE_STRICT_OBJC_MSGSEND = YES;
				GCC_C_LANGUAGE_STANDARD = gnu11;
				GCC_NO_COMMON_BLOCKS = YES;
				GCC_WARN_64_TO_32_BIT_CONVERSION = YES;
				GCC_WARN_ABOUT_RETURN_TYPE = YES_ERROR;
				GCC_WARN_UNDECLARED_SELECTOR = YES;
				GCC_WARN_UNINITIALIZED_AUTOS = YES_AGGRESSIVE;
				GCC_WARN_UNUSED_FUNCTION = YES;
				GCC_WARN_UNUSED_VARIABLE = YES;
				IPHONEOS_DEPLOYMENT_TARGET = 14.0;
				MTL_ENABLE_DEBUG_INFO = NO;
				MTL_FAST_MATH = YES;
				SDKROOT = iphoneos;
				SWIFT_COMPILATION_MODE = wholemodule;
				SWIFT_OPTIMIZATION_LEVEL = "-O";
				VALIDATE_PRODUCT = YES;
			};
			name = Release;
		};
		73BE92F82AC7F7D000414DA0 /* Debug */ = {
			isa = XCBuildConfiguration;
			buildSettings = {
				ASSETCATALOG_COMPILER_APPICON_NAME = AppIcon;
				ASSETCATALOG_COMPILER_GLOBAL_ACCENT_COLOR_NAME = AccentColor;
				CODE_SIGN_STYLE = Automatic;
				CURRENT_PROJECT_VERSION = 1;
				DEVELOPMENT_ASSET_PATHS = "\"Fridge/Preview Content\"";
				DEVELOPMENT_TEAM = PASN6C79TC;
				ENABLE_PREVIEWS = YES;
				GENERATE_INFOPLIST_FILE = YES;
				INFOPLIST_KEY_UIApplicationSceneManifest_Generation = YES;
				INFOPLIST_KEY_UIApplicationSupportsIndirectInputEvents = YES;
				INFOPLIST_KEY_UILaunchScreen_Generation = YES;
				INFOPLIST_KEY_UISupportedInterfaceOrientations_iPad = "UIInterfaceOrientationPortrait UIInterfaceOrientationPortraitUpsideDown UIInterfaceOrientationLandscapeLeft UIInterfaceOrientationLandscapeRight";
				INFOPLIST_KEY_UISupportedInterfaceOrientations_iPhone = "UIInterfaceOrientationPortrait UIInterfaceOrientationLandscapeLeft UIInterfaceOrientationLandscapeRight";
				IPHONEOS_DEPLOYMENT_TARGET = 14.0;
				LD_RUNPATH_SEARCH_PATHS = (
					"$(inherited)",
					"@executable_path/Frameworks",
				);
				MARKETING_VERSION = 1.0;
				PRODUCT_BUNDLE_IDENTIFIER = TomoHarada.Fridge;
				PRODUCT_NAME = "$(TARGET_NAME)";
				SWIFT_EMIT_LOC_STRINGS = YES;
				SWIFT_VERSION = 5.0;
				TARGETED_DEVICE_FAMILY = "1,2";
			};
			name = Debug;
		};
		73BE92F92AC7F7D000414DA0 /* Release */ = {
			isa = XCBuildConfiguration;
			buildSettings = {
				ASSETCATALOG_COMPILER_APPICON_NAME = AppIcon;
				ASSETCATALOG_COMPILER_GLOBAL_ACCENT_COLOR_NAME = AccentColor;
				CODE_SIGN_STYLE = Automatic;
				CURRENT_PROJECT_VERSION = 1;
				DEVELOPMENT_ASSET_PATHS = "\"Fridge/Preview Content\"";
				DEVELOPMENT_TEAM = PASN6C79TC;
				ENABLE_PREVIEWS = YES;
				GENERATE_INFOPLIST_FILE = YES;
				INFOPLIST_KEY_UIApplicationSceneManifest_Generation = YES;
				INFOPLIST_KEY_UIApplicationSupportsIndirectInputEvents = YES;
				INFOPLIST_KEY_UILaunchScreen_Generation = YES;
				INFOPLIST_KEY_UISupportedInterfaceOrientations_iPad = "UIInterfaceOrientationPortrait UIInterfaceOrientationPortraitUpsideDown UIInterfaceOrientationLandscapeLeft UIInterfaceOrientationLandscapeRight";
				INFOPLIST_KEY_UISupportedInterfaceOrientations_iPhone = "UIInterfaceOrientationPortrait UIInterfaceOrientationLandscapeLeft UIInterfaceOrientationLandscapeRight";
				IPHONEOS_DEPLOYMENT_TARGET = 14.0;
				LD_RUNPATH_SEARCH_PATHS = (
					"$(inherited)",
					"@executable_path/Frameworks",
				);
				MARKETING_VERSION = 1.0;
				PRODUCT_BUNDLE_IDENTIFIER = TomoHarada.Fridge;
				PRODUCT_NAME = "$(TARGET_NAME)";
				SWIFT_EMIT_LOC_STRINGS = YES;
				SWIFT_VERSION = 5.0;
				TARGETED_DEVICE_FAMILY = "1,2";
			};
			name = Release;
		};
/* End XCBuildConfiguration section */

/* Begin XCConfigurationList section */
		73BE92E42AC7F7CF00414DA0 /* Build configuration list for PBXProject "Fridge" */ = {
			isa = XCConfigurationList;
			buildConfigurations = (
				73BE92F52AC7F7D000414DA0 /* Debug */,
				73BE92F62AC7F7D000414DA0 /* Release */,
			);
			defaultConfigurationIsVisible = 0;
			defaultConfigurationName = Release;
		};
		73BE92F72AC7F7D000414DA0 /* Build configuration list for PBXNativeTarget "Fridge" */ = {
			isa = XCConfigurationList;
			buildConfigurations = (
				73BE92F82AC7F7D000414DA0 /* Debug */,
				73BE92F92AC7F7D000414DA0 /* Release */,
			);
			defaultConfigurationIsVisible = 0;
			defaultConfigurationName = Release;
		};
/* End XCConfigurationList section */

/* Begin XCRemoteSwiftPackageReference section */
		737946472AC80AD100E14A57 /* XCRemoteSwiftPackageReference "swift-composable-architecture" */ = {
			isa = XCRemoteSwiftPackageReference;
			repositoryURL = "https://github.com/pointfreeco/swift-composable-architecture";
			requirement = {
				kind = upToNextMajorVersion;
				minimumVersion = 1.0.0;
			};
		};
/* End XCRemoteSwiftPackageReference section */

/* Begin XCSwiftPackageProductDependency section */
		737946482AC80AD100E14A57 /* ComposableArchitecture */ = {
			isa = XCSwiftPackageProductDependency;
			package = 737946472AC80AD100E14A57 /* XCRemoteSwiftPackageReference "swift-composable-architecture" */;
			productName = ComposableArchitecture;
		};
/* End XCSwiftPackageProductDependency section */
	};
	rootObject = 73BE92E12AC7F7CF00414DA0 /* Project object */;
}
